
Microsoft Visual Studio Solution File, Format Version 12.00
# Visual Studio Version 16
VisualStudioVersion = 16.0.30011.22
MinimumVisualStudioVersion = 10.0.40219.1
Project("{FAE04EC0-301F-11D3-BF4B-00C04F79EFBC}") = "S3TestAPI", "S3TestAPI.csproj", "{5D53D6EA-536C-40AA-8B64-FB3C2E959935}"
EndProject
Global
	GlobalSection(SolutionConfigurationPlatforms) = preSolution
		Debug|Any CPU = Debug|Any CPU
		Release|Any CPU = Release|Any CPU
	EndGlobalSection
	GlobalSection(ProjectConfigurationPlatforms) = postSolution
		{5D53D6EA-536C-40AA-8B64-FB3C2E959935}.Debug|Any CPU.ActiveCfg = Debug|Any CPU
		{5D53D6EA-536C-40AA-8B64-FB3C2E959935}.Debug|Any CPU.Build.0 = Debug|Any CPU
		{5D53D6EA-536C-40AA-8B64-FB3C2E959935}.Release|Any CPU.ActiveCfg = Release|Any CPU
		{5D53D6EA-536C-40AA-8B64-FB3C2E959935}.Release|Any CPU.Build.0 = Release|Any CPU
	EndGlobalSection
	GlobalSection(SolutionProperties) = preSolution
		HideSolutionNode = FALSE
	EndGlobalSection
	GlobalSection(ExtensibilityGlobals) = postSolution
		SolutionGuid = {7CEAFF0D-A55F-4430-B2D8-0142665B5D29}
	EndGlobalSection
EndGlobal
